// !$*UTF8*$!
{
	archiveVersion = 1;
	classes = {
	};
	objectVersion = 48;
	objects = {

/* Begin PBXBuildFile section */
		167A29D388D24EF4FDD4A809 /* Pods_Battle_Royale.framework in Frameworks */ = {isa = PBXBuildFile; fileRef = 064F06316B4D915CFE5313B2 /* Pods_Battle_Royale.framework */; };
		58D1EB1D97EC6438089BFE83 /* Pods_Battle_RoyaleTests.framework in Frameworks */ = {isa = PBXBuildFile; fileRef = D5DB1C9D34CE9D3F2985761F /* Pods_Battle_RoyaleTests.framework */; };
		C05ACC1F1F5FC4030082B0E2 /* AppDelegate.swift in Sources */ = {isa = PBXBuildFile; fileRef = C05ACC1E1F5FC4030082B0E2 /* AppDelegate.swift */; };
		C05ACC211F5FC4030082B0E2 /* MapViewController.swift in Sources */ = {isa = PBXBuildFile; fileRef = C05ACC201F5FC4030082B0E2 /* MapViewController.swift */; };
		C05ACC241F5FC4030082B0E2 /* Main.storyboard in Resources */ = {isa = PBXBuildFile; fileRef = C05ACC221F5FC4030082B0E2 /* Main.storyboard */; };
		C05ACC271F5FC4030082B0E2 /* Battle_Royale.xcdatamodeld in Sources */ = {isa = PBXBuildFile; fileRef = C05ACC251F5FC4030082B0E2 /* Battle_Royale.xcdatamodeld */; };
		C05ACC291F5FC4030082B0E2 /* Assets.xcassets in Resources */ = {isa = PBXBuildFile; fileRef = C05ACC281F5FC4030082B0E2 /* Assets.xcassets */; };
		C05ACC2C1F5FC4030082B0E2 /* LaunchScreen.storyboard in Resources */ = {isa = PBXBuildFile; fileRef = C05ACC2A1F5FC4030082B0E2 /* LaunchScreen.storyboard */; };
		C05ACC371F5FC4030082B0E2 /* Battle_RoyaleTests.swift in Sources */ = {isa = PBXBuildFile; fileRef = C05ACC361F5FC4030082B0E2 /* Battle_RoyaleTests.swift */; };
		C064D5BC1F5FCC4700FF763A /* MapViewControllerExtension.swift in Sources */ = {isa = PBXBuildFile; fileRef = C064D5BB1F5FCC4700FF763A /* MapViewControllerExtension.swift */; };
/* End PBXBuildFile section */

/* Begin PBXContainerItemProxy section */
		C05ACC331F5FC4030082B0E2 /* PBXContainerItemProxy */ = {
			isa = PBXContainerItemProxy;
			containerPortal = C05ACC131F5FC4030082B0E2 /* Project object */;
			proxyType = 1;
			remoteGlobalIDString = C05ACC1A1F5FC4030082B0E2;
			remoteInfo = "Battle Royale";
		};
/* End PBXContainerItemProxy section */

/* Begin PBXFileReference section */
		064F06316B4D915CFE5313B2 /* Pods_Battle_Royale.framework */ = {isa = PBXFileReference; explicitFileType = wrapper.framework; includeInIndex = 0; path = Pods_Battle_Royale.framework; sourceTree = BUILT_PRODUCTS_DIR; };
		1497A6E0721312EAE8ABA43B /* Pods-Battle Royale.debug.xcconfig */ = {isa = PBXFileReference; includeInIndex = 1; lastKnownFileType = text.xcconfig; name = "Pods-Battle Royale.debug.xcconfig"; path = "Pods/Target Support Files/Pods-Battle Royale/Pods-Battle Royale.debug.xcconfig"; sourceTree = "<group>"; };
		3C48C10E07F8D51AC0073EF8 /* Pods-Battle RoyaleTests.release.xcconfig */ = {isa = PBXFileReference; includeInIndex = 1; lastKnownFileType = text.xcconfig; name = "Pods-Battle RoyaleTests.release.xcconfig"; path = "Pods/Target Support Files/Pods-Battle RoyaleTests/Pods-Battle RoyaleTests.release.xcconfig"; sourceTree = "<group>"; };
		6C499DA9C7064C17F3C42CAB /* Pods-Battle RoyaleTests.debug.xcconfig */ = {isa = PBXFileReference; includeInIndex = 1; lastKnownFileType = text.xcconfig; name = "Pods-Battle RoyaleTests.debug.xcconfig"; path = "Pods/Target Support Files/Pods-Battle RoyaleTests/Pods-Battle RoyaleTests.debug.xcconfig"; sourceTree = "<group>"; };
		C05ACC1B1F5FC4030082B0E2 /* Battle Royale.app */ = {isa = PBXFileReference; explicitFileType = wrapper.application; includeInIndex = 0; path = "Battle Royale.app"; sourceTree = BUILT_PRODUCTS_DIR; };
		C05ACC1E1F5FC4030082B0E2 /* AppDelegate.swift */ = {isa = PBXFileReference; lastKnownFileType = sourcecode.swift; path = AppDelegate.swift; sourceTree = "<group>"; };
		C05ACC201F5FC4030082B0E2 /* MapViewController.swift */ = {isa = PBXFileReference; lastKnownFileType = sourcecode.swift; path = MapViewController.swift; sourceTree = "<group>"; };
		C05ACC231F5FC4030082B0E2 /* Base */ = {isa = PBXFileReference; lastKnownFileType = file.storyboard; name = Base; path = Base.lproj/Main.storyboard; sourceTree = "<group>"; };
		C05ACC261F5FC4030082B0E2 /* Battle_Royale.xcdatamodel */ = {isa = PBXFileReference; lastKnownFileType = wrapper.xcdatamodel; path = Battle_Royale.xcdatamodel; sourceTree = "<group>"; };
		C05ACC281F5FC4030082B0E2 /* Assets.xcassets */ = {isa = PBXFileReference; lastKnownFileType = folder.assetcatalog; path = Assets.xcassets; sourceTree = "<group>"; };
		C05ACC2B1F5FC4030082B0E2 /* Base */ = {isa = PBXFileReference; lastKnownFileType = file.storyboard; name = Base; path = Base.lproj/LaunchScreen.storyboard; sourceTree = "<group>"; };
		C05ACC2D1F5FC4030082B0E2 /* Info.plist */ = {isa = PBXFileReference; lastKnownFileType = text.plist.xml; path = Info.plist; sourceTree = "<group>"; };
		C05ACC321F5FC4030082B0E2 /* Battle RoyaleTests.xctest */ = {isa = PBXFileReference; explicitFileType = wrapper.cfbundle; includeInIndex = 0; path = "Battle RoyaleTests.xctest"; sourceTree = BUILT_PRODUCTS_DIR; };
		C05ACC361F5FC4030082B0E2 /* Battle_RoyaleTests.swift */ = {isa = PBXFileReference; lastKnownFileType = sourcecode.swift; path = Battle_RoyaleTests.swift; sourceTree = "<group>"; };
		C05ACC381F5FC4030082B0E2 /* Info.plist */ = {isa = PBXFileReference; lastKnownFileType = text.plist.xml; path = Info.plist; sourceTree = "<group>"; };
		C064D5BB1F5FCC4700FF763A /* MapViewControllerExtension.swift */ = {isa = PBXFileReference; lastKnownFileType = sourcecode.swift; path = MapViewControllerExtension.swift; sourceTree = "<group>"; };
		D5DB1C9D34CE9D3F2985761F /* Pods_Battle_RoyaleTests.framework */ = {isa = PBXFileReference; explicitFileType = wrapper.framework; includeInIndex = 0; path = Pods_Battle_RoyaleTests.framework; sourceTree = BUILT_PRODUCTS_DIR; };
		ED49B0456941629CF3A3050C /* Pods-Battle Royale.release.xcconfig */ = {isa = PBXFileReference; includeInIndex = 1; lastKnownFileType = text.xcconfig; name = "Pods-Battle Royale.release.xcconfig"; path = "Pods/Target Support Files/Pods-Battle Royale/Pods-Battle Royale.release.xcconfig"; sourceTree = "<group>"; };
/* End PBXFileReference section */

/* Begin PBXFrameworksBuildPhase section */
		C05ACC181F5FC4030082B0E2 /* Frameworks */ = {
			isa = PBXFrameworksBuildPhase;
			buildActionMask = 2147483647;
			files = (
				167A29D388D24EF4FDD4A809 /* Pods_Battle_Royale.framework in Frameworks */,
			);
			runOnlyForDeploymentPostprocessing = 0;
		};
		C05ACC2F1F5FC4030082B0E2 /* Frameworks */ = {
			isa = PBXFrameworksBuildPhase;
			buildActionMask = 2147483647;
			files = (
				58D1EB1D97EC6438089BFE83 /* Pods_Battle_RoyaleTests.framework in Frameworks */,
			);
			runOnlyForDeploymentPostprocessing = 0;
		};
/* End PBXFrameworksBuildPhase section */

/* Begin PBXGroup section */
		128CB357D2133B8DDBA1E0CD /* Pods */ = {
			isa = PBXGroup;
			children = (
				1497A6E0721312EAE8ABA43B /* Pods-Battle Royale.debug.xcconfig */,
				ED49B0456941629CF3A3050C /* Pods-Battle Royale.release.xcconfig */,
				6C499DA9C7064C17F3C42CAB /* Pods-Battle RoyaleTests.debug.xcconfig */,
				3C48C10E07F8D51AC0073EF8 /* Pods-Battle RoyaleTests.release.xcconfig */,
			);
			name = Pods;
			sourceTree = "<group>";
		};
		C05ACC121F5FC4030082B0E2 = {
			isa = PBXGroup;
			children = (
				C05ACC1D1F5FC4030082B0E2 /* Battle Royale */,
				C05ACC351F5FC4030082B0E2 /* Battle RoyaleTests */,
				C05ACC1C1F5FC4030082B0E2 /* Products */,
				128CB357D2133B8DDBA1E0CD /* Pods */,
				C781237427AD92E349850842 /* Frameworks */,
			);
			sourceTree = "<group>";
		};
		C05ACC1C1F5FC4030082B0E2 /* Products */ = {
			isa = PBXGroup;
			children = (
				C05ACC1B1F5FC4030082B0E2 /* Battle Royale.app */,
				C05ACC321F5FC4030082B0E2 /* Battle RoyaleTests.xctest */,
			);
			name = Products;
			sourceTree = "<group>";
		};
		C05ACC1D1F5FC4030082B0E2 /* Battle Royale */ = {
			isa = PBXGroup;
			children = (
				C064D5BA1F5FCC2D00FF763A /* Extension */,
				C05ACC1E1F5FC4030082B0E2 /* AppDelegate.swift */,
				C05ACC201F5FC4030082B0E2 /* MapViewController.swift */,
				C05ACC221F5FC4030082B0E2 /* Main.storyboard */,
				C05ACC281F5FC4030082B0E2 /* Assets.xcassets */,
				C05ACC2A1F5FC4030082B0E2 /* LaunchScreen.storyboard */,
				C05ACC2D1F5FC4030082B0E2 /* Info.plist */,
				C05ACC251F5FC4030082B0E2 /* Battle_Royale.xcdatamodeld */,
			);
			path = "Battle Royale";
			sourceTree = "<group>";
		};
		C05ACC351F5FC4030082B0E2 /* Battle RoyaleTests */ = {
			isa = PBXGroup;
			children = (
				C05ACC361F5FC4030082B0E2 /* Battle_RoyaleTests.swift */,
				C05ACC381F5FC4030082B0E2 /* Info.plist */,
			);
			path = "Battle RoyaleTests";
			sourceTree = "<group>";
		};
		C064D5BA1F5FCC2D00FF763A /* Extension */ = {
			isa = PBXGroup;
			children = (
				C064D5BB1F5FCC4700FF763A /* MapViewControllerExtension.swift */,
			);
			name = Extension;
			sourceTree = "<group>";
		};
		C781237427AD92E349850842 /* Frameworks */ = {
			isa = PBXGroup;
			children = (
				064F06316B4D915CFE5313B2 /* Pods_Battle_Royale.framework */,
				D5DB1C9D34CE9D3F2985761F /* Pods_Battle_RoyaleTests.framework */,
			);
			name = Frameworks;
			sourceTree = "<group>";
		};
/* End PBXGroup section */

/* Begin PBXNativeTarget section */
		C05ACC1A1F5FC4030082B0E2 /* Battle Royale */ = {
			isa = PBXNativeTarget;
			buildConfigurationList = C05ACC3B1F5FC4030082B0E2 /* Build configuration list for PBXNativeTarget "Battle Royale" */;
			buildPhases = (
				EC5A1C3144BF8C44BE616F6D /* [CP] Check Pods Manifest.lock */,
				C05ACC171F5FC4030082B0E2 /* Sources */,
				C05ACC181F5FC4030082B0E2 /* Frameworks */,
				C05ACC191F5FC4030082B0E2 /* Resources */,
				D65911645C216BA8306328D9 /* [CP] Embed Pods Frameworks */,
				0F214F4B044C928935BE7E38 /* [CP] Copy Pods Resources */,
			);
			buildRules = (
			);
			dependencies = (
			);
			name = "Battle Royale";
			productName = "Battle Royale";
			productReference = C05ACC1B1F5FC4030082B0E2 /* Battle Royale.app */;
			productType = "com.apple.product-type.application";
		};
		C05ACC311F5FC4030082B0E2 /* Battle RoyaleTests */ = {
			isa = PBXNativeTarget;
			buildConfigurationList = C05ACC3E1F5FC4030082B0E2 /* Build configuration list for PBXNativeTarget "Battle RoyaleTests" */;
			buildPhases = (
				E84190D878C3231A90E424D3 /* [CP] Check Pods Manifest.lock */,
				C05ACC2E1F5FC4030082B0E2 /* Sources */,
				C05ACC2F1F5FC4030082B0E2 /* Frameworks */,
				C05ACC301F5FC4030082B0E2 /* Resources */,
				B00DD1C5C3B8C24952A480D7 /* [CP] Embed Pods Frameworks */,
				5E5F4D02B9504DAAD0BE2892 /* [CP] Copy Pods Resources */,
			);
			buildRules = (
			);
			dependencies = (
				C05ACC341F5FC4030082B0E2 /* PBXTargetDependency */,
			);
			name = "Battle RoyaleTests";
			productName = "Battle RoyaleTests";
			productReference = C05ACC321F5FC4030082B0E2 /* Battle RoyaleTests.xctest */;
			productType = "com.apple.product-type.bundle.unit-test";
		};
/* End PBXNativeTarget section */

/* Begin PBXProject section */
		C05ACC131F5FC4030082B0E2 /* Project object */ = {
			isa = PBXProject;
			attributes = {
				LastSwiftUpdateCheck = 0900;
				LastUpgradeCheck = 0900;
				ORGANIZATIONNAME = "吳得人";
				TargetAttributes = {
					C05ACC1A1F5FC4030082B0E2 = {
						CreatedOnToolsVersion = 9.0;
						ProvisioningStyle = Automatic;
					};
					C05ACC311F5FC4030082B0E2 = {
						CreatedOnToolsVersion = 9.0;
						ProvisioningStyle = Automatic;
						TestTargetID = C05ACC1A1F5FC4030082B0E2;
					};
				};
			};
			buildConfigurationList = C05ACC161F5FC4030082B0E2 /* Build configuration list for PBXProject "Battle Royale" */;
			compatibilityVersion = "Xcode 8.0";
			developmentRegion = en;
			hasScannedForEncodings = 0;
			knownRegions = (
				en,
				Base,
			);
			mainGroup = C05ACC121F5FC4030082B0E2;
			productRefGroup = C05ACC1C1F5FC4030082B0E2 /* Products */;
			projectDirPath = "";
			projectRoot = "";
			targets = (
				C05ACC1A1F5FC4030082B0E2 /* Battle Royale */,
				C05ACC311F5FC4030082B0E2 /* Battle RoyaleTests */,
			);
		};
/* End PBXProject section */

/* Begin PBXResourcesBuildPhase section */
		C05ACC191F5FC4030082B0E2 /* Resources */ = {
			isa = PBXResourcesBuildPhase;
			buildActionMask = 2147483647;
			files = (
				C05ACC2C1F5FC4030082B0E2 /* LaunchScreen.storyboard in Resources */,
				C05ACC291F5FC4030082B0E2 /* Assets.xcassets in Resources */,
				C05ACC241F5FC4030082B0E2 /* Main.storyboard in Resources */,
			);
			runOnlyForDeploymentPostprocessing = 0;
		};
		C05ACC301F5FC4030082B0E2 /* Resources */ = {
			isa = PBXResourcesBuildPhase;
			buildActionMask = 2147483647;
			files = (
			);
			runOnlyForDeploymentPostprocessing = 0;
		};
/* End PBXResourcesBuildPhase section */

/* Begin PBXShellScriptBuildPhase section */
		0F214F4B044C928935BE7E38 /* [CP] Copy Pods Resources */ = {
			isa = PBXShellScriptBuildPhase;
			buildActionMask = 2147483647;
			files = (
			);
			inputPaths = (
			);
			name = "[CP] Copy Pods Resources";
			outputPaths = (
			);
			runOnlyForDeploymentPostprocessing = 0;
			shellPath = /bin/sh;
			shellScript = "\"${SRCROOT}/Pods/Target Support Files/Pods-Battle Royale/Pods-Battle Royale-resources.sh\"\n";
			showEnvVarsInLog = 0;
		};
		5E5F4D02B9504DAAD0BE2892 /* [CP] Copy Pods Resources */ = {
			isa = PBXShellScriptBuildPhase;
			buildActionMask = 2147483647;
			files = (
			);
			inputPaths = (
			);
			name = "[CP] Copy Pods Resources";
			outputPaths = (
			);
			runOnlyForDeploymentPostprocessing = 0;
			shellPath = /bin/sh;
			shellScript = "\"${SRCROOT}/Pods/Target Support Files/Pods-Battle RoyaleTests/Pods-Battle RoyaleTests-resources.sh\"\n";
			showEnvVarsInLog = 0;
		};
		B00DD1C5C3B8C24952A480D7 /* [CP] Embed Pods Frameworks */ = {
			isa = PBXShellScriptBuildPhase;
			buildActionMask = 2147483647;
			files = (
			);
			inputPaths = (
			);
			name = "[CP] Embed Pods Frameworks";
			outputPaths = (
			);
			runOnlyForDeploymentPostprocessing = 0;
			shellPath = /bin/sh;
			shellScript = "\"${SRCROOT}/Pods/Target Support Files/Pods-Battle RoyaleTests/Pods-Battle RoyaleTests-frameworks.sh\"\n";
			showEnvVarsInLog = 0;
		};
		D65911645C216BA8306328D9 /* [CP] Embed Pods Frameworks */ = {
			isa = PBXShellScriptBuildPhase;
			buildActionMask = 2147483647;
			files = (
			);
			inputPaths = (
			);
			name = "[CP] Embed Pods Frameworks";
			outputPaths = (
			);
			runOnlyForDeploymentPostprocessing = 0;
			shellPath = /bin/sh;
			shellScript = "\"${SRCROOT}/Pods/Target Support Files/Pods-Battle Royale/Pods-Battle Royale-frameworks.sh\"\n";
			showEnvVarsInLog = 0;
		};
		E84190D878C3231A90E424D3 /* [CP] Check Pods Manifest.lock */ = {
			isa = PBXShellScriptBuildPhase;
			buildActionMask = 2147483647;
			files = (
			);
			inputPaths = (
			);
			name = "[CP] Check Pods Manifest.lock";
			outputPaths = (
			);
			runOnlyForDeploymentPostprocessing = 0;
			shellPath = /bin/sh;
			shellScript = "diff \"${PODS_ROOT}/../Podfile.lock\" \"${PODS_ROOT}/Manifest.lock\" > /dev/null\nif [ $? != 0 ] ; then\n    # print error to STDERR\n    echo \"error: The sandbox is not in sync with the Podfile.lock. Run 'pod install' or update your CocoaPods installation.\" >&2\n    exit 1\nfi\n";
			showEnvVarsInLog = 0;
		};
		EC5A1C3144BF8C44BE616F6D /* [CP] Check Pods Manifest.lock */ = {
			isa = PBXShellScriptBuildPhase;
			buildActionMask = 2147483647;
			files = (
			);
			inputPaths = (
			);
			name = "[CP] Check Pods Manifest.lock";
			outputPaths = (
			);
			runOnlyForDeploymentPostprocessing = 0;
			shellPath = /bin/sh;
			shellScript = "diff \"${PODS_ROOT}/../Podfile.lock\" \"${PODS_ROOT}/Manifest.lock\" > /dev/null\nif [ $? != 0 ] ; then\n    # print error to STDERR\n    echo \"error: The sandbox is not in sync with the Podfile.lock. Run 'pod install' or update your CocoaPods installation.\" >&2\n    exit 1\nfi\n";
			showEnvVarsInLog = 0;
		};
/* End PBXShellScriptBuildPhase section */

/* Begin PBXSourcesBuildPhase section */
		C05ACC171F5FC4030082B0E2 /* Sources */ = {
			isa = PBXSourcesBuildPhase;
			buildActionMask = 2147483647;
			files = (
				C05ACC211F5FC4030082B0E2 /* MapViewController.swift in Sources */,
				C05ACC271F5FC4030082B0E2 /* Battle_Royale.xcdatamodeld in Sources */,
				C064D5BC1F5FCC4700FF763A /* MapViewControllerExtension.swift in Sources */,
				C05ACC1F1F5FC4030082B0E2 /* AppDelegate.swift in Sources */,
			);
			runOnlyForDeploymentPostprocessing = 0;
		};
		C05ACC2E1F5FC4030082B0E2 /* Sources */ = {
			isa = PBXSourcesBuildPhase;
			buildActionMask = 2147483647;
			files = (
				C05ACC371F5FC4030082B0E2 /* Battle_RoyaleTests.swift in Sources */,
			);
			runOnlyForDeploymentPostprocessing = 0;
		};
/* End PBXSourcesBuildPhase section */

/* Begin PBXTargetDependency section */
		C05ACC341F5FC4030082B0E2 /* PBXTargetDependency */ = {
			isa = PBXTargetDependency;
			target = C05ACC1A1F5FC4030082B0E2 /* Battle Royale */;
			targetProxy = C05ACC331F5FC4030082B0E2 /* PBXContainerItemProxy */;
		};
/* End PBXTargetDependency section */

/* Begin PBXVariantGroup section */
		C05ACC221F5FC4030082B0E2 /* Main.storyboard */ = {
			isa = PBXVariantGroup;
			children = (
				C05ACC231F5FC4030082B0E2 /* Base */,
			);
			name = Main.storyboard;
			sourceTree = "<group>";
		};
		C05ACC2A1F5FC4030082B0E2 /* LaunchScreen.storyboard */ = {
			isa = PBXVariantGroup;
			children = (
				C05ACC2B1F5FC4030082B0E2 /* Base */,
			);
			name = LaunchScreen.storyboard;
			sourceTree = "<group>";
		};
/* End PBXVariantGroup section */

/* Begin XCBuildConfiguration section */
		C05ACC391F5FC4030082B0E2 /* Debug */ = {
			isa = XCBuildConfiguration;
			buildSettings = {
				ALWAYS_SEARCH_USER_PATHS = NO;
				CLANG_ANALYZER_NONNULL = YES;
				CLANG_ANALYZER_NUMBER_OBJECT_CONVERSION = YES_AGGRESSIVE;
				CLANG_CXX_LANGUAGE_STANDARD = "gnu++14";
				CLANG_CXX_LIBRARY = "libc++";
				CLANG_ENABLE_MODULES = YES;
				CLANG_ENABLE_OBJC_ARC = YES;
				CLANG_WARN_BLOCK_CAPTURE_AUTORELEASING = YES;
				CLANG_WARN_BOOL_CONVERSION = YES;
				CLANG_WARN_COMMA = YES;
				CLANG_WARN_CONSTANT_CONVERSION = YES;
				CLANG_WARN_DIRECT_OBJC_ISA_USAGE = YES_ERROR;
				CLANG_WARN_DOCUMENTATION_COMMENTS = YES;
				CLANG_WARN_EMPTY_BODY = YES;
				CLANG_WARN_ENUM_CONVERSION = YES;
				CLANG_WARN_INFINITE_RECURSION = YES;
				CLANG_WARN_INT_CONVERSION = YES;
				CLANG_WARN_NON_LITERAL_NULL_CONVERSION = YES;
				CLANG_WARN_OBJC_LITERAL_CONVERSION = YES;
				CLANG_WARN_OBJC_ROOT_CLASS = YES_ERROR;
				CLANG_WARN_RANGE_LOOP_ANALYSIS = YES;
				CLANG_WARN_STRICT_PROTOTYPES = YES;
				CLANG_WARN_SUSPICIOUS_MOVE = YES;
				CLANG_WARN_UNGUARDED_AVAILABILITY = YES_AGGRESSIVE;
				CLANG_WARN_UNREACHABLE_CODE = YES;
				CLANG_WARN__DUPLICATE_METHOD_MATCH = YES;
				CODE_SIGN_IDENTITY = "iPhone Developer";
				COPY_PHASE_STRIP = NO;
				DEBUG_INFORMATION_FORMAT = dwarf;
				ENABLE_STRICT_OBJC_MSGSEND = YES;
				ENABLE_TESTABILITY = YES;
				GCC_C_LANGUAGE_STANDARD = gnu11;
				GCC_DYNAMIC_NO_PIC = NO;
				GCC_NO_COMMON_BLOCKS = YES;
				GCC_OPTIMIZATION_LEVEL = 0;
				GCC_PREPROCESSOR_DEFINITIONS = (
					"DEBUG=1",
					"$(inherited)",
				);
				GCC_WARN_64_TO_32_BIT_CONVERSION = YES;
				GCC_WARN_ABOUT_RETURN_TYPE = YES_ERROR;
				GCC_WARN_UNDECLARED_SELECTOR = YES;
				GCC_WARN_UNINITIALIZED_AUTOS = YES_AGGRESSIVE;
				GCC_WARN_UNUSED_FUNCTION = YES;
				GCC_WARN_UNUSED_VARIABLE = YES;
				IPHONEOS_DEPLOYMENT_TARGET = 11.0;
				MTL_ENABLE_DEBUG_INFO = YES;
				ONLY_ACTIVE_ARCH = YES;
				SDKROOT = iphoneos;
				SWIFT_ACTIVE_COMPILATION_CONDITIONS = DEBUG;
				SWIFT_OPTIMIZATION_LEVEL = "-Onone";
			};
			name = Debug;
		};
		C05ACC3A1F5FC4030082B0E2 /* Release */ = {
			isa = XCBuildConfiguration;
			buildSettings = {
				ALWAYS_SEARCH_USER_PATHS = NO;
				CLANG_ANALYZER_NONNULL = YES;
				CLANG_ANALYZER_NUMBER_OBJECT_CONVERSION = YES_AGGRESSIVE;
				CLANG_CXX_LANGUAGE_STANDARD = "gnu++14";
				CLANG_CXX_LIBRARY = "libc++";
				CLANG_ENABLE_MODULES = YES;
				CLANG_ENABLE_OBJC_ARC = YES;
				CLANG_WARN_BLOCK_CAPTURE_AUTORELEASING = YES;
				CLANG_WARN_BOOL_CONVERSION = YES;
				CLANG_WARN_COMMA = YES;
				CLANG_WARN_CONSTANT_CONVERSION = YES;
				CLANG_WARN_DIRECT_OBJC_ISA_USAGE = YES_ERROR;
				CLANG_WARN_DOCUMENTATION_COMMENTS = YES;
				CLANG_WARN_EMPTY_BODY = YES;
				CLANG_WARN_ENUM_CONVERSION = YES;
				CLANG_WARN_INFINITE_RECURSION = YES;
				CLANG_WARN_INT_CONVERSION = YES;
				CLANG_WARN_NON_LITERAL_NULL_CONVERSION = YES;
				CLANG_WARN_OBJC_LITERAL_CONVERSION = YES;
				CLANG_WARN_OBJC_ROOT_CLASS = YES_ERROR;
				CLANG_WARN_RANGE_LOOP_ANALYSIS = YES;
				CLANG_WARN_STRICT_PROTOTYPES = YES;
				CLANG_WARN_SUSPICIOUS_MOVE = YES;
				CLANG_WARN_UNGUARDED_AVAILABILITY = YES_AGGRESSIVE;
				CLANG_WARN_UNREACHABLE_CODE = YES;
				CLANG_WARN__DUPLICATE_METHOD_MATCH = YES;
				CODE_SIGN_IDENTITY = "iPhone Developer";
				COPY_PHASE_STRIP = NO;
				DEBUG_INFORMATION_FORMAT = "dwarf-with-dsym";
				ENABLE_NS_ASSERTIONS = NO;
				ENABLE_STRICT_OBJC_MSGSEND = YES;
				GCC_C_LANGUAGE_STANDARD = gnu11;
				GCC_NO_COMMON_BLOCKS = YES;
				GCC_WARN_64_TO_32_BIT_CONVERSION = YES;
				GCC_WARN_ABOUT_RETURN_TYPE = YES_ERROR;
				GCC_WARN_UNDECLARED_SELECTOR = YES;
				GCC_WARN_UNINITIALIZED_AUTOS = YES_AGGRESSIVE;
				GCC_WARN_UNUSED_FUNCTION = YES;
				GCC_WARN_UNUSED_VARIABLE = YES;
				IPHONEOS_DEPLOYMENT_TARGET = 11.0;
				MTL_ENABLE_DEBUG_INFO = NO;
				SDKROOT = iphoneos;
				SWIFT_OPTIMIZATION_LEVEL = "-Owholemodule";
				VALIDATE_PRODUCT = YES;
			};
			name = Release;
		};
		C05ACC3C1F5FC4030082B0E2 /* Debug */ = {
			isa = XCBuildConfiguration;
			baseConfigurationReference = 1497A6E0721312EAE8ABA43B /* Pods-Battle Royale.debug.xcconfig */;
			buildSettings = {
				ASSETCATALOG_COMPILER_APPICON_NAME = AppIcon;
				CODE_SIGN_STYLE = Automatic;
				DEVELOPMENT_TEAM = TN3V3KVJB9;
				INFOPLIST_FILE = "Battle Royale/Info.plist";
				IPHONEOS_DEPLOYMENT_TARGET = 10.3;
				LD_RUNPATH_SEARCH_PATHS = "$(inherited) @executable_path/Frameworks";
				PRODUCT_BUNDLE_IDENTIFIER = "com.BattleRoyale.Battle-Royale";
				PRODUCT_NAME = "$(TARGET_NAME)";
				SWIFT_VERSION = 4.0;
				TARGETED_DEVICE_FAMILY = 1;
			};
			name = Debug;
		};
		C05ACC3D1F5FC4030082B0E2 /* Release */ = {
			isa = XCBuildConfiguration;
			baseConfigurationReference = ED49B0456941629CF3A3050C /* Pods-Battle Royale.release.xcconfig */;
			buildSettings = {
				ASSETCATALOG_COMPILER_APPICON_NAME = AppIcon;
				CODE_SIGN_STYLE = Automatic;
				DEVELOPMENT_TEAM = TN3V3KVJB9;
				INFOPLIST_FILE = "Battle Royale/Info.plist";
				IPHONEOS_DEPLOYMENT_TARGET = 10.3;
				LD_RUNPATH_SEARCH_PATHS = "$(inherited) @executable_path/Frameworks";
				PRODUCT_BUNDLE_IDENTIFIER = "com.BattleRoyale.Battle-Royale";
				PRODUCT_NAME = "$(TARGET_NAME)";
				SWIFT_VERSION = 4.0;
				TARGETED_DEVICE_FAMILY = 1;
			};
			name = Release;
		};
		C05ACC3F1F5FC4030082B0E2 /* Debug */ = {
			isa = XCBuildConfiguration;
			baseConfigurationReference = 6C499DA9C7064C17F3C42CAB /* Pods-Battle RoyaleTests.debug.xcconfig */;
			buildSettings = {
				ALWAYS_EMBED_SWIFT_STANDARD_LIBRARIES = YES;
				BUNDLE_LOADER = "$(TEST_HOST)";
				CODE_SIGN_STYLE = Automatic;
				DEVELOPMENT_TEAM = TN3V3KVJB9;
				INFOPLIST_FILE = "Battle RoyaleTests/Info.plist";
				LD_RUNPATH_SEARCH_PATHS = "$(inherited) @executable_path/Frameworks @loader_path/Frameworks";
				PRODUCT_BUNDLE_IDENTIFIER = "com.BattleRoyale.Battle-RoyaleTests";
				PRODUCT_NAME = "$(TARGET_NAME)";
				SWIFT_VERSION = 4.0;
				TARGETED_DEVICE_FAMILY = "1,2";
				TEST_HOST = "$(BUILT_PRODUCTS_DIR)/Battle Royale.app/Battle Royale";
			};
			name = Debug;
		};
		C05ACC401F5FC4030082B0E2 /* Release */ = {
			isa = XCBuildConfiguration;
			baseConfigurationReference = 3C48C10E07F8D51AC0073EF8 /* Pods-Battle RoyaleTests.release.xcconfig */;
			buildSettings = {
				ALWAYS_EMBED_SWIFT_STANDARD_LIBRARIES = YES;
				BUNDLE_LOADER = "$(TEST_HOST)";
				CODE_SIGN_STYLE = Automatic;
				DEVELOPMENT_TEAM = TN3V3KVJB9;
				INFOPLIST_FILE = "Battle RoyaleTests/Info.plist";
				LD_RUNPATH_SEARCH_PATHS = "$(inherited) @executable_path/Frameworks @loader_path/Frameworks";
				PRODUCT_BUNDLE_IDENTIFIER = "com.BattleRoyale.Battle-RoyaleTests";
				PRODUCT_NAME = "$(TARGET_NAME)";
				SWIFT_VERSION = 4.0;
				TARGETED_DEVICE_FAMILY = "1,2";
				TEST_HOST = "$(BUILT_PRODUCTS_DIR)/Battle Royale.app/Battle Royale";
			};
			name = Release;
		};
/* End XCBuildConfiguration section */

/* Begin XCConfigurationList section */
		C05ACC161F5FC4030082B0E2 /* Build configuration list for PBXProject "Battle Royale" */ = {
			isa = XCConfigurationList;
			buildConfigurations = (
				C05ACC391F5FC4030082B0E2 /* Debug */,
				C05ACC3A1F5FC4030082B0E2 /* Release */,
			);
			defaultConfigurationIsVisible = 0;
			defaultConfigurationName = Release;
		};
		C05ACC3B1F5FC4030082B0E2 /* Build configuration list for PBXNativeTarget "Battle Royale" */ = {
			isa = XCConfigurationList;
			buildConfigurations = (
				C05ACC3C1F5FC4030082B0E2 /* Debug */,
				C05ACC3D1F5FC4030082B0E2 /* Release */,
			);
			defaultConfigurationIsVisible = 0;
			defaultConfigurationName = Release;
		};
		C05ACC3E1F5FC4030082B0E2 /* Build configuration list for PBXNativeTarget "Battle RoyaleTests" */ = {
			isa = XCConfigurationList;
			buildConfigurations = (
				C05ACC3F1F5FC4030082B0E2 /* Debug */,
				C05ACC401F5FC4030082B0E2 /* Release */,
			);
			defaultConfigurationIsVisible = 0;
			defaultConfigurationName = Release;
		};
/* End XCConfigurationList section */

/* Begin XCVersionGroup section */
		C05ACC251F5FC4030082B0E2 /* Battle_Royale.xcdatamodeld */ = {
			isa = XCVersionGroup;
			children = (
				C05ACC261F5FC4030082B0E2 /* Battle_Royale.xcdatamodel */,
			);
			currentVersion = C05ACC261F5FC4030082B0E2 /* Battle_Royale.xcdatamodel */;
			path = Battle_Royale.xcdatamodeld;
			sourceTree = "<group>";
			versionGroupType = wrapper.xcdatamodel;
		};
/* End XCVersionGroup section */
	};
	rootObject = C05ACC131F5FC4030082B0E2 /* Project object */;
}
