// !$*UTF8*$!
{
	archiveVersion = 1;
	classes = {
	};
	objectVersion = 48;
	objects = {

/* Begin PBXBuildFile section */
		167A29D388D24EF4FDD4A809 /* Pods_Battle_Royale.framework in Frameworks */ = {isa = PBXBuildFile; fileRef = 064F06316B4D915CFE5313B2 /* Pods_Battle_Royale.framework */; };
		5620B9D51F76222900C1936D /* TapHideButtonExtension.swift in Sources */ = {isa = PBXBuildFile; fileRef = 5620B9D41F76222700C1936D /* TapHideButtonExtension.swift */; };
		5620B9D71F7633EE00C1936D /* PageViewController.swift in Sources */ = {isa = PBXBuildFile; fileRef = 5620B9D61F7633EE00C1936D /* PageViewController.swift */; };
		5620B9DA1F775E7D00C1936D /* Page1ViewController.swift in Sources */ = {isa = PBXBuildFile; fileRef = 5620B9D91F775E7D00C1936D /* Page1ViewController.swift */; };
		5620B9DC1F775E9D00C1936D /* Page2ViewController.swift in Sources */ = {isa = PBXBuildFile; fileRef = 5620B9DB1F775E9D00C1936D /* Page2ViewController.swift */; };
		5620B9DE1F775EAE00C1936D /* Page3ViewController.swift in Sources */ = {isa = PBXBuildFile; fileRef = 5620B9DD1F775EAE00C1936D /* Page3ViewController.swift */; };
		5620B9E11F78028200C1936D /* FetchImageExtension.swift in Sources */ = {isa = PBXBuildFile; fileRef = 5620B9E01F78028200C1936D /* FetchImageExtension.swift */; };
		5620B9E31F78151000C1936D /* DLImageExtension.swift in Sources */ = {isa = PBXBuildFile; fileRef = 5620B9E21F78150F00C1936D /* DLImageExtension.swift */; };
		5665C4161F6A9CE900C49FE2 /* AfterFetchDataExtension.swift in Sources */ = {isa = PBXBuildFile; fileRef = 5665C4151F6A9CE900C49FE2 /* AfterFetchDataExtension.swift */; };
		5665C4181F6AAC5F00C49FE2 /* TimerExtension.swift in Sources */ = {isa = PBXBuildFile; fileRef = 5665C4171F6AAC5F00C49FE2 /* TimerExtension.swift */; };
		5665C41C1F6AD1C000C49FE2 /* Struct.swift in Sources */ = {isa = PBXBuildFile; fileRef = 5665C41B1F6AD1C000C49FE2 /* Struct.swift */; };
		5665C41E1F6B7C8600C49FE2 /* MapUISetupExtension.swift in Sources */ = {isa = PBXBuildFile; fileRef = 5665C41D1F6B7C8600C49FE2 /* MapUISetupExtension.swift */; };
		566D96401F691DC300FEAEC3 /* LoginUISetupExtension.swift in Sources */ = {isa = PBXBuildFile; fileRef = 566D963F1F691DC300FEAEC3 /* LoginUISetupExtension.swift */; };
		567432B71F7820DA00E97632 /* CustomAnnotationModels.swift in Sources */ = {isa = PBXBuildFile; fileRef = 567432B61F7820DA00E97632 /* CustomAnnotationModels.swift */; };
		567B6D271F66644100E849D4 /* (null) in Sources */ = {isa = PBXBuildFile; };
		567B6D2B1F66696F00E849D4 /* (null) in Sources */ = {isa = PBXBuildFile; };
		567B6D2F1F6695CA00E849D4 /* RankTableViewController.swift in Sources */ = {isa = PBXBuildFile; fileRef = 567B6D2E1F6695CA00E849D4 /* RankTableViewController.swift */; };
		567B6D321F6695DF00E849D4 /* PlayerInfo.swift in Sources */ = {isa = PBXBuildFile; fileRef = 567B6D301F6695DF00E849D4 /* PlayerInfo.swift */; };
		567B6D331F6695DF00E849D4 /* TabBarController.swift in Sources */ = {isa = PBXBuildFile; fileRef = 567B6D311F6695DF00E849D4 /* TabBarController.swift */; };
		567B6D391F681DF300E849D4 /* TutorialTableViewController.swift in Sources */ = {isa = PBXBuildFile; fileRef = 567B6D381F681DF300E849D4 /* TutorialTableViewController.swift */; };
		567B6D3D1F68503C00E849D4 /* GoogleLoginDelegate.swift in Sources */ = {isa = PBXBuildFile; fileRef = 567B6D3C1F68503C00E849D4 /* GoogleLoginDelegate.swift */; };
		56BC313B1F62A1B80036B97B /* LoginViewController.swift in Sources */ = {isa = PBXBuildFile; fileRef = 56BC313A1F62A1B80036B97B /* LoginViewController.swift */; };
		56BC313D1F62A3AE0036B97B /* GoogleService-Info.plist in Resources */ = {isa = PBXBuildFile; fileRef = 56BC313C1F62A39D0036B97B /* GoogleService-Info.plist */; };
		56BC31421F630C440036B97B /* PropertyKeys.swift in Sources */ = {isa = PBXBuildFile; fileRef = 56BC31411F630C440036B97B /* PropertyKeys.swift */; };
		56D536061F69277200F4B492 /* PasswordsLoginExtension.swift in Sources */ = {isa = PBXBuildFile; fileRef = 56D536051F69277200F4B492 /* PasswordsLoginExtension.swift */; };
		56D536081F69717400F4B492 /* FBLoginDelegate.swift in Sources */ = {isa = PBXBuildFile; fileRef = 56D536071F69717400F4B492 /* FBLoginDelegate.swift */; };
		C05ACC1F1F5FC4030082B0E2 /* AppDelegate.swift in Sources */ = {isa = PBXBuildFile; fileRef = C05ACC1E1F5FC4030082B0E2 /* AppDelegate.swift */; };
		C05ACC211F5FC4030082B0E2 /* MapViewController.swift in Sources */ = {isa = PBXBuildFile; fileRef = C05ACC201F5FC4030082B0E2 /* MapViewController.swift */; };
		C05ACC241F5FC4030082B0E2 /* Main.storyboard in Resources */ = {isa = PBXBuildFile; fileRef = C05ACC221F5FC4030082B0E2 /* Main.storyboard */; };
		C05ACC271F5FC4030082B0E2 /* Battle_Royale.xcdatamodeld in Sources */ = {isa = PBXBuildFile; fileRef = C05ACC251F5FC4030082B0E2 /* Battle_Royale.xcdatamodeld */; };
		C05ACC291F5FC4030082B0E2 /* Assets.xcassets in Resources */ = {isa = PBXBuildFile; fileRef = C05ACC281F5FC4030082B0E2 /* Assets.xcassets */; };
		C05ACC2C1F5FC4030082B0E2 /* LaunchScreen.storyboard in Resources */ = {isa = PBXBuildFile; fileRef = C05ACC2A1F5FC4030082B0E2 /* LaunchScreen.storyboard */; };
		C05ACC371F5FC4030082B0E2 /* Battle_RoyaleTests.swift in Sources */ = {isa = PBXBuildFile; fileRef = C05ACC361F5FC4030082B0E2 /* Battle_RoyaleTests.swift */; };
		C064D5BC1F5FCC4700FF763A /* MapViewControllerExtension.swift in Sources */ = {isa = PBXBuildFile; fileRef = C064D5BB1F5FCC4700FF763A /* MapViewControllerExtension.swift */; };
/* End PBXBuildFile section */

/* Begin PBXContainerItemProxy section */
		C05ACC331F5FC4030082B0E2 /* PBXContainerItemProxy */ = {
			isa = PBXContainerItemProxy;
			containerPortal = C05ACC131F5FC4030082B0E2 /* Project object */;
			proxyType = 1;
			remoteGlobalIDString = C05ACC1A1F5FC4030082B0E2;
			remoteInfo = "Battle Royale";
		};
/* End PBXContainerItemProxy section */

/* Begin PBXFileReference section */
		064F06316B4D915CFE5313B2 /* Pods_Battle_Royale.framework */ = {isa = PBXFileReference; explicitFileType = wrapper.framework; includeInIndex = 0; path = Pods_Battle_Royale.framework; sourceTree = BUILT_PRODUCTS_DIR; };
		1497A6E0721312EAE8ABA43B /* Pods-Battle Royale.debug.xcconfig */ = {isa = PBXFileReference; includeInIndex = 1; lastKnownFileType = text.xcconfig; name = "Pods-Battle Royale.debug.xcconfig"; path = "Pods/Target Support Files/Pods-Battle Royale/Pods-Battle Royale.debug.xcconfig"; sourceTree = "<group>"; };
		5620B9D41F76222700C1936D /* TapHideButtonExtension.swift */ = {isa = PBXFileReference; lastKnownFileType = sourcecode.swift; path = TapHideButtonExtension.swift; sourceTree = "<group>"; };
		5620B9D61F7633EE00C1936D /* PageViewController.swift */ = {isa = PBXFileReference; lastKnownFileType = sourcecode.swift; path = PageViewController.swift; sourceTree = "<group>"; };
		5620B9D91F775E7D00C1936D /* Page1ViewController.swift */ = {isa = PBXFileReference; lastKnownFileType = sourcecode.swift; path = Page1ViewController.swift; sourceTree = "<group>"; };
		5620B9DB1F775E9D00C1936D /* Page2ViewController.swift */ = {isa = PBXFileReference; lastKnownFileType = sourcecode.swift; path = Page2ViewController.swift; sourceTree = "<group>"; };
		5620B9DD1F775EAE00C1936D /* Page3ViewController.swift */ = {isa = PBXFileReference; lastKnownFileType = sourcecode.swift; path = Page3ViewController.swift; sourceTree = "<group>"; };
		5620B9E01F78028200C1936D /* FetchImageExtension.swift */ = {isa = PBXFileReference; lastKnownFileType = sourcecode.swift; path = FetchImageExtension.swift; sourceTree = "<group>"; };
		5620B9E21F78150F00C1936D /* DLImageExtension.swift */ = {isa = PBXFileReference; lastKnownFileType = sourcecode.swift; path = DLImageExtension.swift; sourceTree = "<group>"; };
		5665C4151F6A9CE900C49FE2 /* AfterFetchDataExtension.swift */ = {isa = PBXFileReference; lastKnownFileType = sourcecode.swift; path = AfterFetchDataExtension.swift; sourceTree = "<group>"; };
		5665C4171F6AAC5F00C49FE2 /* TimerExtension.swift */ = {isa = PBXFileReference; lastKnownFileType = sourcecode.swift; path = TimerExtension.swift; sourceTree = "<group>"; };
		5665C41B1F6AD1C000C49FE2 /* Struct.swift */ = {isa = PBXFileReference; lastKnownFileType = sourcecode.swift; path = Struct.swift; sourceTree = "<group>"; };
		5665C41D1F6B7C8600C49FE2 /* MapUISetupExtension.swift */ = {isa = PBXFileReference; lastKnownFileType = sourcecode.swift; path = MapUISetupExtension.swift; sourceTree = "<group>"; };
		566D963F1F691DC300FEAEC3 /* LoginUISetupExtension.swift */ = {isa = PBXFileReference; lastKnownFileType = sourcecode.swift; path = LoginUISetupExtension.swift; sourceTree = "<group>"; };
		567432B61F7820DA00E97632 /* CustomAnnotationModels.swift */ = {isa = PBXFileReference; lastKnownFileType = sourcecode.swift; path = CustomAnnotationModels.swift; sourceTree = "<group>"; };
		567B6D2E1F6695CA00E849D4 /* RankTableViewController.swift */ = {isa = PBXFileReference; lastKnownFileType = sourcecode.swift; path = RankTableViewController.swift; sourceTree = "<group>"; };
		567B6D301F6695DF00E849D4 /* PlayerInfo.swift */ = {isa = PBXFileReference; lastKnownFileType = sourcecode.swift; path = PlayerInfo.swift; sourceTree = "<group>"; };
		567B6D311F6695DF00E849D4 /* TabBarController.swift */ = {isa = PBXFileReference; lastKnownFileType = sourcecode.swift; path = TabBarController.swift; sourceTree = "<group>"; };
		567B6D381F681DF300E849D4 /* TutorialTableViewController.swift */ = {isa = PBXFileReference; lastKnownFileType = sourcecode.swift; path = TutorialTableViewController.swift; sourceTree = "<group>"; };
		567B6D3C1F68503C00E849D4 /* GoogleLoginDelegate.swift */ = {isa = PBXFileReference; lastKnownFileType = sourcecode.swift; path = GoogleLoginDelegate.swift; sourceTree = "<group>"; };
		56BC313A1F62A1B80036B97B /* LoginViewController.swift */ = {isa = PBXFileReference; lastKnownFileType = sourcecode.swift; path = LoginViewController.swift; sourceTree = "<group>"; };
		56BC313C1F62A39D0036B97B /* GoogleService-Info.plist */ = {isa = PBXFileReference; lastKnownFileType = text.plist.xml; path = "GoogleService-Info.plist"; sourceTree = "<group>"; };
		56BC31411F630C440036B97B /* PropertyKeys.swift */ = {isa = PBXFileReference; lastKnownFileType = sourcecode.swift; path = PropertyKeys.swift; sourceTree = "<group>"; };
		56C3DC8C1F837DB7001CBF6C /* Battle Royale.entitlements */ = {isa = PBXFileReference; lastKnownFileType = text.plist.entitlements; path = "Battle Royale.entitlements"; sourceTree = "<group>"; };
		56D536051F69277200F4B492 /* PasswordsLoginExtension.swift */ = {isa = PBXFileReference; lastKnownFileType = sourcecode.swift; path = PasswordsLoginExtension.swift; sourceTree = "<group>"; };
		56D536071F69717400F4B492 /* FBLoginDelegate.swift */ = {isa = PBXFileReference; lastKnownFileType = sourcecode.swift; path = FBLoginDelegate.swift; sourceTree = "<group>"; };
		C05ACC1B1F5FC4030082B0E2 /* Battle Royale.app */ = {isa = PBXFileReference; explicitFileType = wrapper.application; includeInIndex = 0; path = "Battle Royale.app"; sourceTree = BUILT_PRODUCTS_DIR; };
		C05ACC1E1F5FC4030082B0E2 /* AppDelegate.swift */ = {isa = PBXFileReference; lastKnownFileType = sourcecode.swift; path = AppDelegate.swift; sourceTree = "<group>"; };
		C05ACC201F5FC4030082B0E2 /* MapViewController.swift */ = {isa = PBXFileReference; lastKnownFileType = sourcecode.swift; path = MapViewController.swift; sourceTree = "<group>"; };
		C05ACC231F5FC4030082B0E2 /* Base */ = {isa = PBXFileReference; lastKnownFileType = file.storyboard; name = Base; path = Base.lproj/Main.storyboard; sourceTree = "<group>"; };
		C05ACC261F5FC4030082B0E2 /* Battle_Royale.xcdatamodel */ = {isa = PBXFileReference; lastKnownFileType = wrapper.xcdatamodel; path = Battle_Royale.xcdatamodel; sourceTree = "<group>"; };
		C05ACC281F5FC4030082B0E2 /* Assets.xcassets */ = {isa = PBXFileReference; lastKnownFileType = folder.assetcatalog; path = Assets.xcassets; sourceTree = "<group>"; };
		C05ACC2B1F5FC4030082B0E2 /* Base */ = {isa = PBXFileReference; lastKnownFileType = file.storyboard; name = Base; path = Base.lproj/LaunchScreen.storyboard; sourceTree = "<group>"; };
		C05ACC2D1F5FC4030082B0E2 /* Info.plist */ = {isa = PBXFileReference; lastKnownFileType = text.plist.xml; path = Info.plist; sourceTree = "<group>"; };
		C05ACC321F5FC4030082B0E2 /* Battle RoyaleTests.xctest */ = {isa = PBXFileReference; explicitFileType = wrapper.cfbundle; includeInIndex = 0; path = "Battle RoyaleTests.xctest"; sourceTree = BUILT_PRODUCTS_DIR; };
		C05ACC361F5FC4030082B0E2 /* Battle_RoyaleTests.swift */ = {isa = PBXFileReference; lastKnownFileType = sourcecode.swift; path = Battle_RoyaleTests.swift; sourceTree = "<group>"; };
		C05ACC381F5FC4030082B0E2 /* Info.plist */ = {isa = PBXFileReference; lastKnownFileType = text.plist.xml; path = Info.plist; sourceTree = "<group>"; };
		C064D5BB1F5FCC4700FF763A /* MapViewControllerExtension.swift */ = {isa = PBXFileReference; lastKnownFileType = sourcecode.swift; path = MapViewControllerExtension.swift; sourceTree = "<group>"; };
		D5DB1C9D34CE9D3F2985761F /* Pods_Battle_RoyaleTests.framework */ = {isa = PBXFileReference; explicitFileType = wrapper.framework; includeInIndex = 0; path = Pods_Battle_RoyaleTests.framework; sourceTree = BUILT_PRODUCTS_DIR; };
		ED49B0456941629CF3A3050C /* Pods-Battle Royale.release.xcconfig */ = {isa = PBXFileReference; includeInIndex = 1; lastKnownFileType = text.xcconfig; name = "Pods-Battle Royale.release.xcconfig"; path = "Pods/Target Support Files/Pods-Battle Royale/Pods-Battle Royale.release.xcconfig"; sourceTree = "<group>"; };
/* End PBXFileReference section */

/* Begin PBXFrameworksBuildPhase section */
		C05ACC181F5FC4030082B0E2 /* Frameworks */ = {
			isa = PBXFrameworksBuildPhase;
			buildActionMask = 2147483647;
			files = (
				167A29D388D24EF4FDD4A809 /* Pods_Battle_Royale.framework in Frameworks */,
			);
			runOnlyForDeploymentPostprocessing = 0;
		};
		C05ACC2F1F5FC4030082B0E2 /* Frameworks */ = {
			isa = PBXFrameworksBuildPhase;
			buildActionMask = 2147483647;
			files = (
			);
			runOnlyForDeploymentPostprocessing = 0;
		};
/* End PBXFrameworksBuildPhase section */

/* Begin PBXGroup section */
		128CB357D2133B8DDBA1E0CD /* Pods */ = {
			isa = PBXGroup;
			children = (
				1497A6E0721312EAE8ABA43B /* Pods-Battle Royale.debug.xcconfig */,
				ED49B0456941629CF3A3050C /* Pods-Battle Royale.release.xcconfig */,
			);
			name = Pods;
			sourceTree = "<group>";
		};
		5620B9D31F73806100C1936D /* Rank */ = {
			isa = PBXGroup;
			children = (
				567B6D301F6695DF00E849D4 /* PlayerInfo.swift */,
				567B6D2E1F6695CA00E849D4 /* RankTableViewController.swift */,
			);
			name = Rank;
			sourceTree = "<group>";
		};
		5620B9D81F775E5900C1936D /* Pages */ = {
			isa = PBXGroup;
			children = (
				5620B9D61F7633EE00C1936D /* PageViewController.swift */,
				5620B9D91F775E7D00C1936D /* Page1ViewController.swift */,
				5620B9DB1F775E9D00C1936D /* Page2ViewController.swift */,
				5620B9DD1F775EAE00C1936D /* Page3ViewController.swift */,
			);
			name = Pages;
			sourceTree = "<group>";
		};
		5620B9DF1F78024A00C1936D /* TutorialPage */ = {
			isa = PBXGroup;
			children = (
				567B6D381F681DF300E849D4 /* TutorialTableViewController.swift */,
				5620B9E01F78028200C1936D /* FetchImageExtension.swift */,
				5620B9D81F775E5900C1936D /* Pages */,
			);
			name = TutorialPage;
			sourceTree = "<group>";
		};
		567B6D361F681D5100E849D4 /* Login */ = {
			isa = PBXGroup;
			children = (
				56BC313A1F62A1B80036B97B /* LoginViewController.swift */,
				566D963F1F691DC300FEAEC3 /* LoginUISetupExtension.swift */,
				56D536051F69277200F4B492 /* PasswordsLoginExtension.swift */,
				567B6D3C1F68503C00E849D4 /* GoogleLoginDelegate.swift */,
				56D536071F69717400F4B492 /* FBLoginDelegate.swift */,
			);
			name = Login;
			sourceTree = "<group>";
		};
		567B6D371F681D5C00E849D4 /* Map */ = {
			isa = PBXGroup;
			children = (
				C05ACC201F5FC4030082B0E2 /* MapViewController.swift */,
				C064D5BA1F5FCC2D00FF763A /* Extension */,
			);
			name = Map;
			sourceTree = "<group>";
		};
		C05ACC121F5FC4030082B0E2 = {
			isa = PBXGroup;
			children = (
				C05ACC1D1F5FC4030082B0E2 /* Battle Royale */,
				C05ACC351F5FC4030082B0E2 /* Battle RoyaleTests */,
				C05ACC1C1F5FC4030082B0E2 /* Products */,
				128CB357D2133B8DDBA1E0CD /* Pods */,
				C781237427AD92E349850842 /* Frameworks */,
			);
			sourceTree = "<group>";
		};
		C05ACC1C1F5FC4030082B0E2 /* Products */ = {
			isa = PBXGroup;
			children = (
				C05ACC1B1F5FC4030082B0E2 /* Battle Royale.app */,
				C05ACC321F5FC4030082B0E2 /* Battle RoyaleTests.xctest */,
			);
			name = Products;
			sourceTree = "<group>";
		};
		C05ACC1D1F5FC4030082B0E2 /* Battle Royale */ = {
			isa = PBXGroup;
			children = (
				56C3DC8C1F837DB7001CBF6C /* Battle Royale.entitlements */,
				C05ACC1E1F5FC4030082B0E2 /* AppDelegate.swift */,
				C05ACC221F5FC4030082B0E2 /* Main.storyboard */,
				567B6D371F681D5C00E849D4 /* Map */,
				567B6D361F681D5100E849D4 /* Login */,
				5620B9DF1F78024A00C1936D /* TutorialPage */,
				5620B9D31F73806100C1936D /* Rank */,
				567B6D311F6695DF00E849D4 /* TabBarController.swift */,
				C05ACC281F5FC4030082B0E2 /* Assets.xcassets */,
				C05ACC2A1F5FC4030082B0E2 /* LaunchScreen.storyboard */,
				56BC31411F630C440036B97B /* PropertyKeys.swift */,
				C05ACC2D1F5FC4030082B0E2 /* Info.plist */,
				56BC313C1F62A39D0036B97B /* GoogleService-Info.plist */,
				C05ACC251F5FC4030082B0E2 /* Battle_Royale.xcdatamodeld */,
			);
			path = "Battle Royale";
			sourceTree = "<group>";
		};
		C05ACC351F5FC4030082B0E2 /* Battle RoyaleTests */ = {
			isa = PBXGroup;
			children = (
				C05ACC361F5FC4030082B0E2 /* Battle_RoyaleTests.swift */,
				C05ACC381F5FC4030082B0E2 /* Info.plist */,
			);
			path = "Battle RoyaleTests";
			sourceTree = "<group>";
		};
		C064D5BA1F5FCC2D00FF763A /* Extension */ = {
			isa = PBXGroup;
			children = (
				C064D5BB1F5FCC4700FF763A /* MapViewControllerExtension.swift */,
				5665C4151F6A9CE900C49FE2 /* AfterFetchDataExtension.swift */,
				5665C41D1F6B7C8600C49FE2 /* MapUISetupExtension.swift */,
				5620B9D41F76222700C1936D /* TapHideButtonExtension.swift */,
				5620B9E21F78150F00C1936D /* DLImageExtension.swift */,
				5665C4171F6AAC5F00C49FE2 /* TimerExtension.swift */,
				567432B61F7820DA00E97632 /* CustomAnnotationModels.swift */,
				5665C41B1F6AD1C000C49FE2 /* Struct.swift */,
			);
			name = Extension;
			sourceTree = "<group>";
		};
		C781237427AD92E349850842 /* Frameworks */ = {
			isa = PBXGroup;
			children = (
				064F06316B4D915CFE5313B2 /* Pods_Battle_Royale.framework */,
				D5DB1C9D34CE9D3F2985761F /* Pods_Battle_RoyaleTests.framework */,
			);
			name = Frameworks;
			sourceTree = "<group>";
		};
/* End PBXGroup section */

/* Begin PBXNativeTarget section */
		C05ACC1A1F5FC4030082B0E2 /* Battle Royale */ = {
			isa = PBXNativeTarget;
			buildConfigurationList = C05ACC3B1F5FC4030082B0E2 /* Build configuration list for PBXNativeTarget "Battle Royale" */;
			buildPhases = (
				EC5A1C3144BF8C44BE616F6D /* [CP] Check Pods Manifest.lock */,
				C05ACC171F5FC4030082B0E2 /* Sources */,
				C05ACC181F5FC4030082B0E2 /* Frameworks */,
				C05ACC191F5FC4030082B0E2 /* Resources */,
				D65911645C216BA8306328D9 /* [CP] Embed Pods Frameworks */,
				0F214F4B044C928935BE7E38 /* [CP] Copy Pods Resources */,
			);
			buildRules = (
			);
			dependencies = (
			);
			name = "Battle Royale";
			productName = "Battle Royale";
			productReference = C05ACC1B1F5FC4030082B0E2 /* Battle Royale.app */;
			productType = "com.apple.product-type.application";
		};
		C05ACC311F5FC4030082B0E2 /* Battle RoyaleTests */ = {
			isa = PBXNativeTarget;
			buildConfigurationList = C05ACC3E1F5FC4030082B0E2 /* Build configuration list for PBXNativeTarget "Battle RoyaleTests" */;
			buildPhases = (
				C05ACC2E1F5FC4030082B0E2 /* Sources */,
				C05ACC2F1F5FC4030082B0E2 /* Frameworks */,
				C05ACC301F5FC4030082B0E2 /* Resources */,
			);
			buildRules = (
			);
			dependencies = (
				C05ACC341F5FC4030082B0E2 /* PBXTargetDependency */,
			);
			name = "Battle RoyaleTests";
			productName = "Battle RoyaleTests";
			productReference = C05ACC321F5FC4030082B0E2 /* Battle RoyaleTests.xctest */;
			productType = "com.apple.product-type.bundle.unit-test";
		};
/* End PBXNativeTarget section */

/* Begin PBXProject section */
		C05ACC131F5FC4030082B0E2 /* Project object */ = {
			isa = PBXProject;
			attributes = {
				LastSwiftUpdateCheck = 0900;
				LastUpgradeCheck = 0900;
				ORGANIZATIONNAME = "吳得人";
				TargetAttributes = {
					C05ACC1A1F5FC4030082B0E2 = {
						CreatedOnToolsVersion = 9.0;
						ProvisioningStyle = Automatic;
						SystemCapabilities = {
							com.apple.BackgroundModes = {
								enabled = 1;
							};
							com.apple.Maps.iOS = {
								enabled = 0;
							};
							com.apple.Push = {
								enabled = 0;
							};
						};
					};
					C05ACC311F5FC4030082B0E2 = {
						CreatedOnToolsVersion = 9.0;
						ProvisioningStyle = Automatic;
						TestTargetID = C05ACC1A1F5FC4030082B0E2;
					};
				};
			};
			buildConfigurationList = C05ACC161F5FC4030082B0E2 /* Build configuration list for PBXProject "Battle Royale" */;
			compatibilityVersion = "Xcode 8.0";
			developmentRegion = en;
			hasScannedForEncodings = 0;
			knownRegions = (
				en,
				Base,
			);
			mainGroup = C05ACC121F5FC4030082B0E2;
			productRefGroup = C05ACC1C1F5FC4030082B0E2 /* Products */;
			projectDirPath = "";
			projectRoot = "";
			targets = (
				C05ACC1A1F5FC4030082B0E2 /* Battle Royale */,
				C05ACC311F5FC4030082B0E2 /* Battle RoyaleTests */,
			);
		};
/* End PBXProject section */

/* Begin PBXResourcesBuildPhase section */
		C05ACC191F5FC4030082B0E2 /* Resources */ = {
			isa = PBXResourcesBuildPhase;
			buildActionMask = 2147483647;
			files = (
				C05ACC2C1F5FC4030082B0E2 /* LaunchScreen.storyboard in Resources */,
				56BC313D1F62A3AE0036B97B /* GoogleService-Info.plist in Resources */,
				C05ACC291F5FC4030082B0E2 /* Assets.xcassets in Resources */,
				C05ACC241F5FC4030082B0E2 /* Main.storyboard in Resources */,
			);
			runOnlyForDeploymentPostprocessing = 0;
		};
		C05ACC301F5FC4030082B0E2 /* Resources */ = {
			isa = PBXResourcesBuildPhase;
			buildActionMask = 2147483647;
			files = (
			);
			runOnlyForDeploymentPostprocessing = 0;
		};
/* End PBXResourcesBuildPhase section */

/* Begin PBXShellScriptBuildPhase section */
		0F214F4B044C928935BE7E38 /* [CP] Copy Pods Resources */ = {
			isa = PBXShellScriptBuildPhase;
			buildActionMask = 2147483647;
			files = (
			);
			inputPaths = (
				"${SRCROOT}/Pods/Target Support Files/Pods-Battle Royale/Pods-Battle Royale-resources.sh",
				"${PODS_ROOT}/GoogleMaps/Maps/Frameworks/GoogleMaps.framework/Resources/GoogleMaps.bundle",
				"${PODS_ROOT}/GooglePlacePicker/Frameworks/GooglePlacePicker.framework/Resources/GooglePlacePicker.bundle",
				"${PODS_ROOT}/GooglePlaces/Frameworks/GooglePlaces.framework/Resources/GooglePlaces.bundle",
				"${PODS_ROOT}/GoogleSignIn/Resources/GoogleSignIn.bundle",
			);
			name = "[CP] Copy Pods Resources";
			outputPaths = (
				"${TARGET_BUILD_DIR}/${UNLOCALIZED_RESOURCES_FOLDER_PATH}",
			);
			runOnlyForDeploymentPostprocessing = 0;
			shellPath = /bin/sh;
			shellScript = "\"${SRCROOT}/Pods/Target Support Files/Pods-Battle Royale/Pods-Battle Royale-resources.sh\"\n";
			showEnvVarsInLog = 0;
		};
		D65911645C216BA8306328D9 /* [CP] Embed Pods Frameworks */ = {
			isa = PBXShellScriptBuildPhase;
			buildActionMask = 2147483647;
			files = (
			);
			inputPaths = (
				"${SRCROOT}/Pods/Target Support Files/Pods-Battle Royale/Pods-Battle Royale-frameworks.sh",
				"${BUILT_PRODUCTS_DIR}/Bolts/Bolts.framework",
				"${BUILT_PRODUCTS_DIR}/FBSDKCoreKit/FBSDKCoreKit.framework",
				"${BUILT_PRODUCTS_DIR}/FBSDKLoginKit/FBSDKLoginKit.framework",
				"${BUILT_PRODUCTS_DIR}/FBSDKShareKit/FBSDKShareKit.framework",
				"${BUILT_PRODUCTS_DIR}/FacebookCore/FacebookCore.framework",
				"${BUILT_PRODUCTS_DIR}/FacebookLogin/FacebookLogin.framework",
				"${BUILT_PRODUCTS_DIR}/FacebookShare/FacebookShare.framework",
				"${BUILT_PRODUCTS_DIR}/GTMOAuth2/GTMOAuth2.framework",
				"${BUILT_PRODUCTS_DIR}/GTMSessionFetcher/GTMSessionFetcher.framework",
				"${BUILT_PRODUCTS_DIR}/GoogleToolboxForMac/GoogleToolboxForMac.framework",
				"${PODS_ROOT}/Mapbox-iOS-SDK/dynamic/Mapbox.framework",
				"${PODS_ROOT}/Mapbox-iOS-SDK/dynamic/Mapbox.framework.dSYM",
				"${BUILT_PRODUCTS_DIR}/leveldb-library/leveldb.framework",
				"${BUILT_PRODUCTS_DIR}/nanopb/nanopb.framework",
			);
			name = "[CP] Embed Pods Frameworks";
			outputPaths = (
				"${TARGET_BUILD_DIR}/${FRAMEWORKS_FOLDER_PATH}/Bolts.framework",
				"${TARGET_BUILD_DIR}/${FRAMEWORKS_FOLDER_PATH}/FBSDKCoreKit.framework",
				"${TARGET_BUILD_DIR}/${FRAMEWORKS_FOLDER_PATH}/FBSDKLoginKit.framework",
				"${TARGET_BUILD_DIR}/${FRAMEWORKS_FOLDER_PATH}/FBSDKShareKit.framework",
				"${TARGET_BUILD_DIR}/${FRAMEWORKS_FOLDER_PATH}/FacebookCore.framework",
				"${TARGET_BUILD_DIR}/${FRAMEWORKS_FOLDER_PATH}/FacebookLogin.framework",
				"${TARGET_BUILD_DIR}/${FRAMEWORKS_FOLDER_PATH}/FacebookShare.framework",
				"${TARGET_BUILD_DIR}/${FRAMEWORKS_FOLDER_PATH}/GTMOAuth2.framework",
				"${TARGET_BUILD_DIR}/${FRAMEWORKS_FOLDER_PATH}/GTMSessionFetcher.framework",
				"${TARGET_BUILD_DIR}/${FRAMEWORKS_FOLDER_PATH}/GoogleToolboxForMac.framework",
				"${TARGET_BUILD_DIR}/${FRAMEWORKS_FOLDER_PATH}/Mapbox.framework",
				"${DWARF_DSYM_FOLDER_PATH}/Mapbox.framework.dSYM",
				"${TARGET_BUILD_DIR}/${FRAMEWORKS_FOLDER_PATH}/leveldb.framework",
				"${TARGET_BUILD_DIR}/${FRAMEWORKS_FOLDER_PATH}/nanopb.framework",
			);
			runOnlyForDeploymentPostprocessing = 0;
			shellPath = /bin/sh;
			shellScript = "\"${SRCROOT}/Pods/Target Support Files/Pods-Battle Royale/Pods-Battle Royale-frameworks.sh\"\n";
			showEnvVarsInLog = 0;
		};
		EC5A1C3144BF8C44BE616F6D /* [CP] Check Pods Manifest.lock */ = {
			isa = PBXShellScriptBuildPhase;
			buildActionMask = 2147483647;
			files = (
			);
			inputPaths = (
				"${PODS_PODFILE_DIR_PATH}/Podfile.lock",
				"${PODS_ROOT}/Manifest.lock",
			);
			name = "[CP] Check Pods Manifest.lock";
			outputPaths = (
				"$(DERIVED_FILE_DIR)/Pods-Battle Royale-checkManifestLockResult.txt",
			);
			runOnlyForDeploymentPostprocessing = 0;
			shellPath = /bin/sh;
			shellScript = "diff \"${PODS_PODFILE_DIR_PATH}/Podfile.lock\" \"${PODS_ROOT}/Manifest.lock\" > /dev/null\nif [ $? != 0 ] ; then\n    # print error to STDERR\n    echo \"error: The sandbox is not in sync with the Podfile.lock. Run 'pod install' or update your CocoaPods installation.\" >&2\n    exit 1\nfi\n# This output is used by Xcode 'outputs' to avoid re-running this script phase.\necho \"SUCCESS\" > \"${SCRIPT_OUTPUT_FILE_0}\"\n";
			showEnvVarsInLog = 0;
		};
/* End PBXShellScriptBuildPhase section */

/* Begin PBXSourcesBuildPhase section */
		C05ACC171F5FC4030082B0E2 /* Sources */ = {
			isa = PBXSourcesBuildPhase;
			buildActionMask = 2147483647;
			files = (
				567B6D3D1F68503C00E849D4 /* GoogleLoginDelegate.swift in Sources */,
				5665C41C1F6AD1C000C49FE2 /* Struct.swift in Sources */,
				5620B9DA1F775E7D00C1936D /* Page1ViewController.swift in Sources */,
				5665C41E1F6B7C8600C49FE2 /* MapUISetupExtension.swift in Sources */,
				567B6D321F6695DF00E849D4 /* PlayerInfo.swift in Sources */,
				566D96401F691DC300FEAEC3 /* LoginUISetupExtension.swift in Sources */,
				56BC313B1F62A1B80036B97B /* LoginViewController.swift in Sources */,
				5620B9D51F76222900C1936D /* TapHideButtonExtension.swift in Sources */,
				5620B9E31F78151000C1936D /* DLImageExtension.swift in Sources */,
				5620B9E11F78028200C1936D /* FetchImageExtension.swift in Sources */,
				5620B9DE1F775EAE00C1936D /* Page3ViewController.swift in Sources */,
				5620B9DC1F775E9D00C1936D /* Page2ViewController.swift in Sources */,
				567B6D331F6695DF00E849D4 /* TabBarController.swift in Sources */,
				5665C4181F6AAC5F00C49FE2 /* TimerExtension.swift in Sources */,
				567432B71F7820DA00E97632 /* CustomAnnotationModels.swift in Sources */,
				567B6D271F66644100E849D4 /* (null) in Sources */,
				C05ACC211F5FC4030082B0E2 /* MapViewController.swift in Sources */,
				567B6D391F681DF300E849D4 /* TutorialTableViewController.swift in Sources */,
				5665C4161F6A9CE900C49FE2 /* AfterFetchDataExtension.swift in Sources */,
				5620B9D71F7633EE00C1936D /* PageViewController.swift in Sources */,
				C05ACC271F5FC4030082B0E2 /* Battle_Royale.xcdatamodeld in Sources */,
				56BC31421F630C440036B97B /* PropertyKeys.swift in Sources */,
				567B6D2B1F66696F00E849D4 /* (null) in Sources */,
				56D536061F69277200F4B492 /* PasswordsLoginExtension.swift in Sources */,
				56D536081F69717400F4B492 /* FBLoginDelegate.swift in Sources */,
				567B6D2F1F6695CA00E849D4 /* RankTableViewController.swift in Sources */,
				C064D5BC1F5FCC4700FF763A /* MapViewControllerExtension.swift in Sources */,
				C05ACC1F1F5FC4030082B0E2 /* AppDelegate.swift in Sources */,
			);
			runOnlyForDeploymentPostprocessing = 0;
		};
		C05ACC2E1F5FC4030082B0E2 /* Sources */ = {
			isa = PBXSourcesBuildPhase;
			buildActionMask = 2147483647;
			files = (
				C05ACC371F5FC4030082B0E2 /* Battle_RoyaleTests.swift in Sources */,
			);
			runOnlyForDeploymentPostprocessing = 0;
		};
/* End PBXSourcesBuildPhase section */

/* Begin PBXTargetDependency section */
		C05ACC341F5FC4030082B0E2 /* PBXTargetDependency */ = {
			isa = PBXTargetDependency;
			target = C05ACC1A1F5FC4030082B0E2 /* Battle Royale */;
			targetProxy = C05ACC331F5FC4030082B0E2 /* PBXContainerItemProxy */;
		};
/* End PBXTargetDependency section */

/* Begin PBXVariantGroup section */
		C05ACC221F5FC4030082B0E2 /* Main.storyboard */ = {
			isa = PBXVariantGroup;
			children = (
				C05ACC231F5FC4030082B0E2 /* Base */,
			);
			name = Main.storyboard;
			sourceTree = "<group>";
		};
		C05ACC2A1F5FC4030082B0E2 /* LaunchScreen.storyboard */ = {
			isa = PBXVariantGroup;
			children = (
				C05ACC2B1F5FC4030082B0E2 /* Base */,
			);
			name = LaunchScreen.storyboard;
			sourceTree = "<group>";
		};
/* End PBXVariantGroup section */

/* Begin XCBuildConfiguration section */
		C05ACC391F5FC4030082B0E2 /* Debug */ = {
			isa = XCBuildConfiguration;
			buildSettings = {
				ALWAYS_SEARCH_USER_PATHS = NO;
				CLANG_ANALYZER_NONNULL = YES;
				CLANG_ANALYZER_NUMBER_OBJECT_CONVERSION = YES_AGGRESSIVE;
				CLANG_CXX_LANGUAGE_STANDARD = "gnu++14";
				CLANG_CXX_LIBRARY = "libc++";
				CLANG_ENABLE_MODULES = YES;
				CLANG_ENABLE_OBJC_ARC = YES;
				CLANG_WARN_BLOCK_CAPTURE_AUTORELEASING = YES;
				CLANG_WARN_BOOL_CONVERSION = YES;
				CLANG_WARN_COMMA = YES;
				CLANG_WARN_CONSTANT_CONVERSION = YES;
				CLANG_WARN_DIRECT_OBJC_ISA_USAGE = YES_ERROR;
				CLANG_WARN_DOCUMENTATION_COMMENTS = YES;
				CLANG_WARN_EMPTY_BODY = YES;
				CLANG_WARN_ENUM_CONVERSION = YES;
				CLANG_WARN_INFINITE_RECURSION = YES;
				CLANG_WARN_INT_CONVERSION = YES;
				CLANG_WARN_NON_LITERAL_NULL_CONVERSION = YES;
				CLANG_WARN_OBJC_LITERAL_CONVERSION = YES;
				CLANG_WARN_OBJC_ROOT_CLASS = YES_ERROR;
				CLANG_WARN_RANGE_LOOP_ANALYSIS = YES;
				CLANG_WARN_STRICT_PROTOTYPES = YES;
				CLANG_WARN_SUSPICIOUS_MOVE = YES;
				CLANG_WARN_UNGUARDED_AVAILABILITY = YES_AGGRESSIVE;
				CLANG_WARN_UNREACHABLE_CODE = YES;
				CLANG_WARN__DUPLICATE_METHOD_MATCH = YES;
				CODE_SIGN_IDENTITY = "iPhone Developer";
				COPY_PHASE_STRIP = NO;
				DEBUG_INFORMATION_FORMAT = dwarf;
				ENABLE_STRICT_OBJC_MSGSEND = YES;
				ENABLE_TESTABILITY = YES;
				GCC_C_LANGUAGE_STANDARD = gnu11;
				GCC_DYNAMIC_NO_PIC = NO;
				GCC_NO_COMMON_BLOCKS = YES;
				GCC_OPTIMIZATION_LEVEL = 0;
				GCC_PREPROCESSOR_DEFINITIONS = (
					"DEBUG=1",
					"$(inherited)",
				);
				GCC_WARN_64_TO_32_BIT_CONVERSION = YES;
				GCC_WARN_ABOUT_RETURN_TYPE = YES_ERROR;
				GCC_WARN_UNDECLARED_SELECTOR = YES;
				GCC_WARN_UNINITIALIZED_AUTOS = YES_AGGRESSIVE;
				GCC_WARN_UNUSED_FUNCTION = YES;
				GCC_WARN_UNUSED_VARIABLE = YES;
				IPHONEOS_DEPLOYMENT_TARGET = 11.0;
				MTL_ENABLE_DEBUG_INFO = YES;
				ONLY_ACTIVE_ARCH = YES;
				SDKROOT = iphoneos;
				SWIFT_ACTIVE_COMPILATION_CONDITIONS = DEBUG;
				SWIFT_OPTIMIZATION_LEVEL = "-Onone";
			};
			name = Debug;
		};
		C05ACC3A1F5FC4030082B0E2 /* Release */ = {
			isa = XCBuildConfiguration;
			buildSettings = {
				ALWAYS_SEARCH_USER_PATHS = NO;
				CLANG_ANALYZER_NONNULL = YES;
				CLANG_ANALYZER_NUMBER_OBJECT_CONVERSION = YES_AGGRESSIVE;
				CLANG_CXX_LANGUAGE_STANDARD = "gnu++14";
				CLANG_CXX_LIBRARY = "libc++";
				CLANG_ENABLE_MODULES = YES;
				CLANG_ENABLE_OBJC_ARC = YES;
				CLANG_WARN_BLOCK_CAPTURE_AUTORELEASING = YES;
				CLANG_WARN_BOOL_CONVERSION = YES;
				CLANG_WARN_COMMA = YES;
				CLANG_WARN_CONSTANT_CONVERSION = YES;
				CLANG_WARN_DIRECT_OBJC_ISA_USAGE = YES_ERROR;
				CLANG_WARN_DOCUMENTATION_COMMENTS = YES;
				CLANG_WARN_EMPTY_BODY = YES;
				CLANG_WARN_ENUM_CONVERSION = YES;
				CLANG_WARN_INFINITE_RECURSION = YES;
				CLANG_WARN_INT_CONVERSION = YES;
				CLANG_WARN_NON_LITERAL_NULL_CONVERSION = YES;
				CLANG_WARN_OBJC_LITERAL_CONVERSION = YES;
				CLANG_WARN_OBJC_ROOT_CLASS = YES_ERROR;
				CLANG_WARN_RANGE_LOOP_ANALYSIS = YES;
				CLANG_WARN_STRICT_PROTOTYPES = YES;
				CLANG_WARN_SUSPICIOUS_MOVE = YES;
				CLANG_WARN_UNGUARDED_AVAILABILITY = YES_AGGRESSIVE;
				CLANG_WARN_UNREACHABLE_CODE = YES;
				CLANG_WARN__DUPLICATE_METHOD_MATCH = YES;
				CODE_SIGN_IDENTITY = "iPhone Developer";
				COPY_PHASE_STRIP = NO;
				DEBUG_INFORMATION_FORMAT = "dwarf-with-dsym";
				ENABLE_NS_ASSERTIONS = NO;
				ENABLE_STRICT_OBJC_MSGSEND = YES;
				GCC_C_LANGUAGE_STANDARD = gnu11;
				GCC_NO_COMMON_BLOCKS = YES;
				GCC_WARN_64_TO_32_BIT_CONVERSION = YES;
				GCC_WARN_ABOUT_RETURN_TYPE = YES_ERROR;
				GCC_WARN_UNDECLARED_SELECTOR = YES;
				GCC_WARN_UNINITIALIZED_AUTOS = YES_AGGRESSIVE;
				GCC_WARN_UNUSED_FUNCTION = YES;
				GCC_WARN_UNUSED_VARIABLE = YES;
				IPHONEOS_DEPLOYMENT_TARGET = 11.0;
				MTL_ENABLE_DEBUG_INFO = NO;
				SDKROOT = iphoneos;
				SWIFT_OPTIMIZATION_LEVEL = "-Owholemodule";
				VALIDATE_PRODUCT = YES;
			};
			name = Release;
		};
		C05ACC3C1F5FC4030082B0E2 /* Debug */ = {
			isa = XCBuildConfiguration;
			baseConfigurationReference = 1497A6E0721312EAE8ABA43B /* Pods-Battle Royale.debug.xcconfig */;
			buildSettings = {
				ASSETCATALOG_COMPILER_APPICON_NAME = AppIcon;
				CODE_SIGN_STYLE = Automatic;
				DEVELOPMENT_TEAM = G9JF9YBU33;
				INFOPLIST_FILE = "Battle Royale/Info.plist";
				IPHONEOS_DEPLOYMENT_TARGET = 10.3;
				LD_RUNPATH_SEARCH_PATHS = "$(inherited) @executable_path/Frameworks";
				PRODUCT_BUNDLE_IDENTIFIER = "com.BattleRoyale.Battle-Royale";
				PRODUCT_NAME = "$(TARGET_NAME)";
				SWIFT_OPTIMIZATION_LEVEL = "-Onone";
				SWIFT_VERSION = 4.0;
				TARGETED_DEVICE_FAMILY = 1;
			};
			name = Debug;
		};
		C05ACC3D1F5FC4030082B0E2 /* Release */ = {
			isa = XCBuildConfiguration;
			baseConfigurationReference = ED49B0456941629CF3A3050C /* Pods-Battle Royale.release.xcconfig */;
			buildSettings = {
				ASSETCATALOG_COMPILER_APPICON_NAME = AppIcon;
				CODE_SIGN_STYLE = Automatic;
				DEVELOPMENT_TEAM = G9JF9YBU33;
				INFOPLIST_FILE = "Battle Royale/Info.plist";
				IPHONEOS_DEPLOYMENT_TARGET = 10.3;
				LD_RUNPATH_SEARCH_PATHS = "$(inherited) @executable_path/Frameworks";
				PRODUCT_BUNDLE_IDENTIFIER = "com.BattleRoyale.Battle-Royale";
				PRODUCT_NAME = "$(TARGET_NAME)";
				SWIFT_OPTIMIZATION_LEVEL = "-Onone";
				SWIFT_VERSION = 4.0;
				TARGETED_DEVICE_FAMILY = 1;
			};
			name = Release;
		};
		C05ACC3F1F5FC4030082B0E2 /* Debug */ = {
			isa = XCBuildConfiguration;
			buildSettings = {
				ALWAYS_EMBED_SWIFT_STANDARD_LIBRARIES = YES;
				BUNDLE_LOADER = "$(TEST_HOST)";
				CODE_SIGN_STYLE = Automatic;
				DEVELOPMENT_TEAM = TN3V3KVJB9;
				INFOPLIST_FILE = "Battle RoyaleTests/Info.plist";
				LD_RUNPATH_SEARCH_PATHS = "$(inherited) @executable_path/Frameworks @loader_path/Frameworks";
				PRODUCT_BUNDLE_IDENTIFIER = "com.BattleRoyale.Battle-RoyaleTests";
				PRODUCT_NAME = "$(TARGET_NAME)";
				SWIFT_VERSION = 4.0;
				TARGETED_DEVICE_FAMILY = "1,2";
				TEST_HOST = "$(BUILT_PRODUCTS_DIR)/Battle Royale.app/Battle Royale";
			};
			name = Debug;
		};
		C05ACC401F5FC4030082B0E2 /* Release */ = {
			isa = XCBuildConfiguration;
			buildSettings = {
				ALWAYS_EMBED_SWIFT_STANDARD_LIBRARIES = YES;
				BUNDLE_LOADER = "$(TEST_HOST)";
				CODE_SIGN_STYLE = Automatic;
				DEVELOPMENT_TEAM = TN3V3KVJB9;
				INFOPLIST_FILE = "Battle RoyaleTests/Info.plist";
				LD_RUNPATH_SEARCH_PATHS = "$(inherited) @executable_path/Frameworks @loader_path/Frameworks";
				PRODUCT_BUNDLE_IDENTIFIER = "com.BattleRoyale.Battle-RoyaleTests";
				PRODUCT_NAME = "$(TARGET_NAME)";
				SWIFT_VERSION = 4.0;
				TARGETED_DEVICE_FAMILY = "1,2";
				TEST_HOST = "$(BUILT_PRODUCTS_DIR)/Battle Royale.app/Battle Royale";
			};
			name = Release;
		};
/* End XCBuildConfiguration section */

/* Begin XCConfigurationList section */
		C05ACC161F5FC4030082B0E2 /* Build configuration list for PBXProject "Battle Royale" */ = {
			isa = XCConfigurationList;
			buildConfigurations = (
				C05ACC391F5FC4030082B0E2 /* Debug */,
				C05ACC3A1F5FC4030082B0E2 /* Release */,
			);
			defaultConfigurationIsVisible = 0;
			defaultConfigurationName = Release;
		};
		C05ACC3B1F5FC4030082B0E2 /* Build configuration list for PBXNativeTarget "Battle Royale" */ = {
			isa = XCConfigurationList;
			buildConfigurations = (
				C05ACC3C1F5FC4030082B0E2 /* Debug */,
				C05ACC3D1F5FC4030082B0E2 /* Release */,
			);
			defaultConfigurationIsVisible = 0;
			defaultConfigurationName = Release;
		};
		C05ACC3E1F5FC4030082B0E2 /* Build configuration list for PBXNativeTarget "Battle RoyaleTests" */ = {
			isa = XCConfigurationList;
			buildConfigurations = (
				C05ACC3F1F5FC4030082B0E2 /* Debug */,
				C05ACC401F5FC4030082B0E2 /* Release */,
			);
			defaultConfigurationIsVisible = 0;
			defaultConfigurationName = Release;
		};
/* End XCConfigurationList section */

/* Begin XCVersionGroup section */
		C05ACC251F5FC4030082B0E2 /* Battle_Royale.xcdatamodeld */ = {
			isa = XCVersionGroup;
			children = (
				C05ACC261F5FC4030082B0E2 /* Battle_Royale.xcdatamodel */,
			);
			currentVersion = C05ACC261F5FC4030082B0E2 /* Battle_Royale.xcdatamodel */;
			path = Battle_Royale.xcdatamodeld;
			sourceTree = "<group>";
			versionGroupType = wrapper.xcdatamodel;
		};
/* End XCVersionGroup section */
	};
	rootObject = C05ACC131F5FC4030082B0E2 /* Project object */;
}
